// !$*UTF8*$!
{
	archiveVersion = 1;
	classes = {
	};
	objectVersion = 55;
	objects = {

/* Begin PBXBuildFile section */
		E064909028C53E3E00B19AD9 /* AppDelegate.swift in Sources */ = {isa = PBXBuildFile; fileRef = E064908F28C53E3E00B19AD9 /* AppDelegate.swift */; };
		E064909228C53E3E00B19AD9 /* SceneDelegate.swift in Sources */ = {isa = PBXBuildFile; fileRef = E064909128C53E3E00B19AD9 /* SceneDelegate.swift */; };
		E064909928C53E4000B19AD9 /* Assets.xcassets in Resources */ = {isa = PBXBuildFile; fileRef = E064909828C53E4000B19AD9 /* Assets.xcassets */; };
		E064909C28C53E4000B19AD9 /* LaunchScreen.storyboard in Resources */ = {isa = PBXBuildFile; fileRef = E064909A28C53E4000B19AD9 /* LaunchScreen.storyboard */; };
		E06490A428C53F2C00B19AD9 /* CalculateIMCViewController.swift in Sources */ = {isa = PBXBuildFile; fileRef = E06490A328C53F2C00B19AD9 /* CalculateIMCViewController.swift */; };
		E06490B328C6364900B19AD9 /* Titles.swift in Sources */ = {isa = PBXBuildFile; fileRef = E06490B228C6364900B19AD9 /* Titles.swift */; };
		E06490B728C6B7C500B19AD9 /* InformationToCalculate.swift in Sources */ = {isa = PBXBuildFile; fileRef = E06490B628C6B7C500B19AD9 /* InformationToCalculate.swift */; };
		E06490B928C6B7FA00B19AD9 /* UserInfoContainer.swift in Sources */ = {isa = PBXBuildFile; fileRef = E06490B828C6B7FA00B19AD9 /* UserInfoContainer.swift */; };
		E06490BB28C6C24D00B19AD9 /* TitleAplication.swift in Sources */ = {isa = PBXBuildFile; fileRef = E06490BA28C6C24D00B19AD9 /* TitleAplication.swift */; };
		E06490BD28C6E04500B19AD9 /* ButtonCalculate.swift in Sources */ = {isa = PBXBuildFile; fileRef = E06490BC28C6E04500B19AD9 /* ButtonCalculate.swift */; };
		E06490BF28C6E75700B19AD9 /* Image.swift in Sources */ = {isa = PBXBuildFile; fileRef = E06490BE28C6E75700B19AD9 /* Image.swift */; };
		E06490C128C79BF200B19AD9 /* BodyMassResult.swift in Sources */ = {isa = PBXBuildFile; fileRef = E06490C028C79BF200B19AD9 /* BodyMassResult.swift */; };
/* End PBXBuildFile section */

/* Begin PBXFileReference section */
		E064908C28C53E3E00B19AD9 /* App_IMC.app */ = {isa = PBXFileReference; explicitFileType = wrapper.application; includeInIndex = 0; path = App_IMC.app; sourceTree = BUILT_PRODUCTS_DIR; };
		E064908F28C53E3E00B19AD9 /* AppDelegate.swift */ = {isa = PBXFileReference; lastKnownFileType = sourcecode.swift; path = AppDelegate.swift; sourceTree = "<group>"; };
		E064909128C53E3E00B19AD9 /* SceneDelegate.swift */ = {isa = PBXFileReference; lastKnownFileType = sourcecode.swift; path = SceneDelegate.swift; sourceTree = "<group>"; };
		E064909828C53E4000B19AD9 /* Assets.xcassets */ = {isa = PBXFileReference; lastKnownFileType = folder.assetcatalog; path = Assets.xcassets; sourceTree = "<group>"; };
		E064909B28C53E4000B19AD9 /* Base */ = {isa = PBXFileReference; lastKnownFileType = file.storyboard; name = Base; path = Base.lproj/LaunchScreen.storyboard; sourceTree = "<group>"; };
		E064909D28C53E4000B19AD9 /* Info.plist */ = {isa = PBXFileReference; lastKnownFileType = text.plist.xml; path = Info.plist; sourceTree = "<group>"; };
		E06490A328C53F2C00B19AD9 /* CalculateIMCViewController.swift */ = {isa = PBXFileReference; lastKnownFileType = sourcecode.swift; path = CalculateIMCViewController.swift; sourceTree = "<group>"; };
		E06490B228C6364900B19AD9 /* Titles.swift */ = {isa = PBXFileReference; lastKnownFileType = sourcecode.swift; path = Titles.swift; sourceTree = "<group>"; };
		E06490B628C6B7C500B19AD9 /* InformationToCalculate.swift */ = {isa = PBXFileReference; lastKnownFileType = sourcecode.swift; path = InformationToCalculate.swift; sourceTree = "<group>"; };
		E06490B828C6B7FA00B19AD9 /* UserInfoContainer.swift */ = {isa = PBXFileReference; lastKnownFileType = sourcecode.swift; path = UserInfoContainer.swift; sourceTree = "<group>"; };
		E06490BA28C6C24D00B19AD9 /* TitleAplication.swift */ = {isa = PBXFileReference; lastKnownFileType = sourcecode.swift; path = TitleAplication.swift; sourceTree = "<group>"; };
		E06490BC28C6E04500B19AD9 /* ButtonCalculate.swift */ = {isa = PBXFileReference; lastKnownFileType = sourcecode.swift; path = ButtonCalculate.swift; sourceTree = "<group>"; };
		E06490BE28C6E75700B19AD9 /* Image.swift */ = {isa = PBXFileReference; lastKnownFileType = sourcecode.swift; path = Image.swift; sourceTree = "<group>"; };
		E06490C028C79BF200B19AD9 /* BodyMassResult.swift */ = {isa = PBXFileReference; lastKnownFileType = sourcecode.swift; path = BodyMassResult.swift; sourceTree = "<group>"; };
/* End PBXFileReference section */

/* Begin PBXFrameworksBuildPhase section */
		E064908928C53E3E00B19AD9 /* Frameworks */ = {
			isa = PBXFrameworksBuildPhase;
			buildActionMask = 2147483647;
			files = (
			);
			runOnlyForDeploymentPostprocessing = 0;
		};
/* End PBXFrameworksBuildPhase section */

/* Begin PBXGroup section */
		E064908328C53E3E00B19AD9 = {
			isa = PBXGroup;
			children = (
				E064908E28C53E3E00B19AD9 /* App_IMC */,
				E064908D28C53E3E00B19AD9 /* Products */,
			);
			sourceTree = "<group>";
		};
		E064908D28C53E3E00B19AD9 /* Products */ = {
			isa = PBXGroup;
			children = (
				E064908C28C53E3E00B19AD9 /* App_IMC.app */,
			);
			name = Products;
			sourceTree = "<group>";
		};
		E064908E28C53E3E00B19AD9 /* App_IMC */ = {
			isa = PBXGroup;
			children = (
				E06490A328C53F2C00B19AD9 /* CalculateIMCViewController.swift */,
				E06490B128C6363000B19AD9 /* Constants */,
				E06490AC28C5709200B19AD9 /* Customizers */,
				E064909D28C53E4000B19AD9 /* Info.plist */,
				E06490A628C53FA900B19AD9 /* Application */,
				E06490A528C53F8B00B19AD9 /* Assets */,
			);
			path = App_IMC;
			sourceTree = "<group>";
		};
		E06490A528C53F8B00B19AD9 /* Assets */ = {
			isa = PBXGroup;
			children = (
				E064909828C53E4000B19AD9 /* Assets.xcassets */,
			);
			path = Assets;
			sourceTree = "<group>";
		};
		E06490A628C53FA900B19AD9 /* Application */ = {
			isa = PBXGroup;
			children = (
				E064908F28C53E3E00B19AD9 /* AppDelegate.swift */,
				E064909128C53E3E00B19AD9 /* SceneDelegate.swift */,
				E064909A28C53E4000B19AD9 /* LaunchScreen.storyboard */,
			);
			path = Application;
			sourceTree = "<group>";
		};
		E06490AC28C5709200B19AD9 /* Customizers */ = {
			isa = PBXGroup;
			children = (
				E06490B628C6B7C500B19AD9 /* InformationToCalculate.swift */,
				E06490B828C6B7FA00B19AD9 /* UserInfoContainer.swift */,
				E06490BA28C6C24D00B19AD9 /* TitleAplication.swift */,
				E06490BC28C6E04500B19AD9 /* ButtonCalculate.swift */,
				E06490C028C79BF200B19AD9 /* BodyMassResult.swift */,
			);
			path = Customizers;
			sourceTree = "<group>";
		};
		E06490B128C6363000B19AD9 /* Constants */ = {
			isa = PBXGroup;
			children = (
				E06490B228C6364900B19AD9 /* Titles.swift */,
				E06490BE28C6E75700B19AD9 /* Image.swift */,
			);
			path = Constants;
			sourceTree = "<group>";
		};
/* End PBXGroup section */

/* Begin PBXNativeTarget section */
		E064908B28C53E3E00B19AD9 /* App_IMC */ = {
			isa = PBXNativeTarget;
			buildConfigurationList = E06490A028C53E4000B19AD9 /* Build configuration list for PBXNativeTarget "App_IMC" */;
			buildPhases = (
				E064908828C53E3E00B19AD9 /* Sources */,
				E064908928C53E3E00B19AD9 /* Frameworks */,
				E064908A28C53E3E00B19AD9 /* Resources */,
			);
			buildRules = (
			);
			dependencies = (
			);
			name = App_IMC;
			productName = App_IMC;
			productReference = E064908C28C53E3E00B19AD9 /* App_IMC.app */;
			productType = "com.apple.product-type.application";
		};
/* End PBXNativeTarget section */

/* Begin PBXProject section */
		E064908428C53E3E00B19AD9 /* Project object */ = {
			isa = PBXProject;
			attributes = {
				BuildIndependentTargetsInParallel = 1;
				LastSwiftUpdateCheck = 1340;
				LastUpgradeCheck = 1340;
				TargetAttributes = {
					E064908B28C53E3E00B19AD9 = {
						CreatedOnToolsVersion = 13.4.1;
					};
				};
			};
			buildConfigurationList = E064908728C53E3E00B19AD9 /* Build configuration list for PBXProject "App_IMC" */;
			compatibilityVersion = "Xcode 13.0";
			developmentRegion = en;
			hasScannedForEncodings = 0;
			knownRegions = (
				en,
				Base,
			);
			mainGroup = E064908328C53E3E00B19AD9;
			productRefGroup = E064908D28C53E3E00B19AD9 /* Products */;
			projectDirPath = "";
			projectRoot = "";
			targets = (
				E064908B28C53E3E00B19AD9 /* App_IMC */,
			);
		};
/* End PBXProject section */

/* Begin PBXResourcesBuildPhase section */
		E064908A28C53E3E00B19AD9 /* Resources */ = {
			isa = PBXResourcesBuildPhase;
			buildActionMask = 2147483647;
			files = (
				E064909C28C53E4000B19AD9 /* LaunchScreen.storyboard in Resources */,
				E064909928C53E4000B19AD9 /* Assets.xcassets in Resources */,
			);
			runOnlyForDeploymentPostprocessing = 0;
		};
/* End PBXResourcesBuildPhase section */

/* Begin PBXSourcesBuildPhase section */
		E064908828C53E3E00B19AD9 /* Sources */ = {
			isa = PBXSourcesBuildPhase;
			buildActionMask = 2147483647;
			files = (
				E06490B928C6B7FA00B19AD9 /* UserInfoContainer.swift in Sources */,
				E06490BF28C6E75700B19AD9 /* Image.swift in Sources */,
				E06490A428C53F2C00B19AD9 /* CalculateIMCViewController.swift in Sources */,
				E06490BD28C6E04500B19AD9 /* ButtonCalculate.swift in Sources */,
				E06490B728C6B7C500B19AD9 /* InformationToCalculate.swift in Sources */,
				E064909028C53E3E00B19AD9 /* AppDelegate.swift in Sources */,
				E06490BB28C6C24D00B19AD9 /* TitleAplication.swift in Sources */,
				E064909228C53E3E00B19AD9 /* SceneDelegate.swift in Sources */,
				E06490C128C79BF200B19AD9 /* BodyMassResult.swift in Sources */,
				E06490B328C6364900B19AD9 /* Titles.swift in Sources */,
			);
			runOnlyForDeploymentPostprocessing = 0;
		};
/* End PBXSourcesBuildPhase section */

/* Begin PBXVariantGroup section */
		E064909A28C53E4000B19AD9 /* LaunchScreen.storyboard */ = {
			isa = PBXVariantGroup;
			children = (
				E064909B28C53E4000B19AD9 /* Base */,
			);
			name = LaunchScreen.storyboard;
			sourceTree = "<group>";
		};
/* End PBXVariantGroup section */

/* Begin XCBuildConfiguration section */
		E064909E28C53E4000B19AD9 /* Debug */ = {
			isa = XCBuildConfiguration;
			buildSettings = {
				ALWAYS_SEARCH_USER_PATHS = NO;
				CLANG_ANALYZER_NONNULL = YES;
				CLANG_ANALYZER_NUMBER_OBJECT_CONVERSION = YES_AGGRESSIVE;
				CLANG_CXX_LANGUAGE_STANDARD = "gnu++17";
				CLANG_ENABLE_MODULES = YES;
				CLANG_ENABLE_OBJC_ARC = YES;
				CLANG_ENABLE_OBJC_WEAK = YES;
				CLANG_WARN_BLOCK_CAPTURE_AUTORELEASING = YES;
				CLANG_WARN_BOOL_CONVERSION = YES;
				CLANG_WARN_COMMA = YES;
				CLANG_WARN_CONSTANT_CONVERSION = YES;
				CLANG_WARN_DEPRECATED_OBJC_IMPLEMENTATIONS = YES;
				CLANG_WARN_DIRECT_OBJC_ISA_USAGE = YES_ERROR;
				CLANG_WARN_DOCUMENTATION_COMMENTS = YES;
				CLANG_WARN_EMPTY_BODY = YES;
				CLANG_WARN_ENUM_CONVERSION = YES;
				CLANG_WARN_INFINITE_RECURSION = YES;
				CLANG_WARN_INT_CONVERSION = YES;
				CLANG_WARN_NON_LITERAL_NULL_CONVERSION = YES;
				CLANG_WARN_OBJC_IMPLICIT_RETAIN_SELF = YES;
				CLANG_WARN_OBJC_LITERAL_CONVERSION = YES;
				CLANG_WARN_OBJC_ROOT_CLASS = YES_ERROR;
				CLANG_WARN_QUOTED_INCLUDE_IN_FRAMEWORK_HEADER = YES;
				CLANG_WARN_RANGE_LOOP_ANALYSIS = YES;
				CLANG_WARN_STRICT_PROTOTYPES = YES;
				CLANG_WARN_SUSPICIOUS_MOVE = YES;
				CLANG_WARN_UNGUARDED_AVAILABILITY = YES_AGGRESSIVE;
				CLANG_WARN_UNREACHABLE_CODE = YES;
				CLANG_WARN__DUPLICATE_METHOD_MATCH = YES;
				COPY_PHASE_STRIP = NO;
				DEBUG_INFORMATION_FORMAT = dwarf;
				ENABLE_STRICT_OBJC_MSGSEND = YES;
				ENABLE_TESTABILITY = YES;
				GCC_C_LANGUAGE_STANDARD = gnu11;
				GCC_DYNAMIC_NO_PIC = NO;
				GCC_NO_COMMON_BLOCKS = YES;
				GCC_OPTIMIZATION_LEVEL = 0;
				GCC_PREPROCESSOR_DEFINITIONS = (
					"DEBUG=1",
					"$(inherited)",
				);
				GCC_WARN_64_TO_32_BIT_CONVERSION = YES;
				GCC_WARN_ABOUT_RETURN_TYPE = YES_ERROR;
				GCC_WARN_UNDECLARED_SELECTOR = YES;
				GCC_WARN_UNINITIALIZED_AUTOS = YES_AGGRESSIVE;
				GCC_WARN_UNUSED_FUNCTION = YES;
				GCC_WARN_UNUSED_VARIABLE = YES;
				IPHONEOS_DEPLOYMENT_TARGET = 15.5;
				MTL_ENABLE_DEBUG_INFO = INCLUDE_SOURCE;
				MTL_FAST_MATH = YES;
				ONLY_ACTIVE_ARCH = YES;
				SDKROOT = iphoneos;
				SWIFT_ACTIVE_COMPILATION_CONDITIONS = DEBUG;
				SWIFT_OPTIMIZATION_LEVEL = "-Onone";
			};
			name = Debug;
		};
		E064909F28C53E4000B19AD9 /* Release */ = {
			isa = XCBuildConfiguration;
			buildSettings = {
				ALWAYS_SEARCH_USER_PATHS = NO;
				CLANG_ANALYZER_NONNULL = YES;
				CLANG_ANALYZER_NUMBER_OBJECT_CONVERSION = YES_AGGRESSIVE;
				CLANG_CXX_LANGUAGE_STANDARD = "gnu++17";
				CLANG_ENABLE_MODULES = YES;
				CLANG_ENABLE_OBJC_ARC = YES;
				CLANG_ENABLE_OBJC_WEAK = YES;
				CLANG_WARN_BLOCK_CAPTURE_AUTORELEASING = YES;
				CLANG_WARN_BOOL_CONVERSION = YES;
				CLANG_WARN_COMMA = YES;
				CLANG_WARN_CONSTANT_CONVERSION = YES;
				CLANG_WARN_DEPRECATED_OBJC_IMPLEMENTATIONS = YES;
				CLANG_WARN_DIRECT_OBJC_ISA_USAGE = YES_ERROR;
				CLANG_WARN_DOCUMENTATION_COMMENTS = YES;
				CLANG_WARN_EMPTY_BODY = YES;
				CLANG_WARN_ENUM_CONVERSION = YES;
				CLANG_WARN_INFINITE_RECURSION = YES;
				CLANG_WARN_INT_CONVERSION = YES;
				CLANG_WARN_NON_LITERAL_NULL_CONVERSION = YES;
				CLANG_WARN_OBJC_IMPLICIT_RETAIN_SELF = YES;
				CLANG_WARN_OBJC_LITERAL_CONVERSION = YES;
				CLANG_WARN_OBJC_ROOT_CLASS = YES_ERROR;
				CLANG_WARN_QUOTED_INCLUDE_IN_FRAMEWORK_HEADER = YES;
				CLANG_WARN_RANGE_LOOP_ANALYSIS = YES;
				CLANG_WARN_STRICT_PROTOTYPES = YES;
				CLANG_WARN_SUSPICIOUS_MOVE = YES;
				CLANG_WARN_UNGUARDED_AVAILABILITY = YES_AGGRESSIVE;
				CLANG_WARN_UNREACHABLE_CODE = YES;
				CLANG_WARN__DUPLICATE_METHOD_MATCH = YES;
				COPY_PHASE_STRIP = NO;
				DEBUG_INFORMATION_FORMAT = "dwarf-with-dsym";
				ENABLE_NS_ASSERTIONS = NO;
				ENABLE_STRICT_OBJC_MSGSEND = YES;
				GCC_C_LANGUAGE_STANDARD = gnu11;
				GCC_NO_COMMON_BLOCKS = YES;
				GCC_WARN_64_TO_32_BIT_CONVERSION = YES;
				GCC_WARN_ABOUT_RETURN_TYPE = YES_ERROR;
				GCC_WARN_UNDECLARED_SELECTOR = YES;
				GCC_WARN_UNINITIALIZED_AUTOS = YES_AGGRESSIVE;
				GCC_WARN_UNUSED_FUNCTION = YES;
				GCC_WARN_UNUSED_VARIABLE = YES;
				IPHONEOS_DEPLOYMENT_TARGET = 15.5;
				MTL_ENABLE_DEBUG_INFO = NO;
				MTL_FAST_MATH = YES;
				SDKROOT = iphoneos;
				SWIFT_COMPILATION_MODE = wholemodule;
				SWIFT_OPTIMIZATION_LEVEL = "-O";
				VALIDATE_PRODUCT = YES;
			};
			name = Release;
		};
		E06490A128C53E4000B19AD9 /* Debug */ = {
			isa = XCBuildConfiguration;
			buildSettings = {
				ASSETCATALOG_COMPILER_APPICON_NAME = AppIcon;
				ASSETCATALOG_COMPILER_GLOBAL_ACCENT_COLOR_NAME = AccentColor;
				CODE_SIGN_STYLE = Automatic;
				CURRENT_PROJECT_VERSION = 1;
				DEVELOPMENT_TEAM = WXQ8GLHA2M;
				GENERATE_INFOPLIST_FILE = YES;
				INFOPLIST_FILE = App_IMC/Info.plist;
				INFOPLIST_KEY_UIApplicationSupportsIndirectInputEvents = YES;
				INFOPLIST_KEY_UILaunchStoryboardName = LaunchScreen;
				INFOPLIST_KEY_UIMainStoryboardFile = LaunchScreen;
				INFOPLIST_KEY_UISupportedInterfaceOrientations_iPad = "UIInterfaceOrientationPortrait UIInterfaceOrientationPortraitUpsideDown UIInterfaceOrientationLandscapeLeft UIInterfaceOrientationLandscapeRight";
				INFOPLIST_KEY_UISupportedInterfaceOrientations_iPhone = "UIInterfaceOrientationPortrait UIInterfaceOrientationLandscapeLeft UIInterfaceOrientationLandscapeRight";
				LD_RUNPATH_SEARCH_PATHS = (
					"$(inherited)",
					"@executable_path/Frameworks",
				);
				MARKETING_VERSION = 1.0;
				PRODUCT_BUNDLE_IDENTIFIER = "br.com.spedaLeticia.App-IMC";
				PRODUCT_NAME = "$(TARGET_NAME)";
				SWIFT_EMIT_LOC_STRINGS = YES;
				SWIFT_VERSION = 5.0;
				TARGETED_DEVICE_FAMILY = "1,2";
			};
			name = Debug;
		};
		E06490A228C53E4000B19AD9 /* Release */ = {
			isa = XCBuildConfiguration;
			buildSettings = {
				ASSETCATALOG_COMPILER_APPICON_NAME = AppIcon;
				ASSETCATALOG_COMPILER_GLOBAL_ACCENT_COLOR_NAME = AccentColor;
				CODE_SIGN_STYLE = Automatic;
				CURRENT_PROJECT_VERSION = 1;
				DEVELOPMENT_TEAM = WXQ8GLHA2M;
				GENERATE_INFOPLIST_FILE = YES;
				INFOPLIST_FILE = App_IMC/Info.plist;
				INFOPLIST_KEY_UIApplicationSupportsIndirectInputEvents = YES;
				INFOPLIST_KEY_UILaunchStoryboardName = LaunchScreen;
				INFOPLIST_KEY_UIMainStoryboardFile = LaunchScreen;
				INFOPLIST_KEY_UISupportedInterfaceOrientations_iPad = "UIInterfaceOrientationPortrait UIInterfaceOrientationPortraitUpsideDown UIInterfaceOrientationLandscapeLeft UIInterfaceOrientationLandscapeRight";
				INFOPLIST_KEY_UISupportedInterfaceOrientations_iPhone = "UIInterfaceOrientationPortrait UIInterfaceOrientationLandscapeLeft UIInterfaceOrientationLandscapeRight";
				LD_RUNPATH_SEARCH_PATHS = (
					"$(inherited)",
					"@executable_path/Frameworks",
				);
				MARKETING_VERSION = 1.0;
				PRODUCT_BUNDLE_IDENTIFIER = "br.com.spedaLeticia.App-IMC";
				PRODUCT_NAME = "$(TARGET_NAME)";
				SWIFT_EMIT_LOC_STRINGS = YES;
				SWIFT_VERSION = 5.0;
				TARGETED_DEVICE_FAMILY = "1,2";
			};
			name = Release;
		};
/* End XCBuildConfiguration section */

/* Begin XCConfigurationList section */
		E064908728C53E3E00B19AD9 /* Build configuration list for PBXProject "App_IMC" */ = {
			isa = XCConfigurationList;
			buildConfigurations = (
				E064909E28C53E4000B19AD9 /* Debug */,
				E064909F28C53E4000B19AD9 /* Release */,
			);
			defaultConfigurationIsVisible = 0;
			defaultConfigurationName = Release;
		};
		E06490A028C53E4000B19AD9 /* Build configuration list for PBXNativeTarget "App_IMC" */ = {
			isa = XCConfigurationList;
			buildConfigurations = (
				E06490A128C53E4000B19AD9 /* Debug */,
				E06490A228C53E4000B19AD9 /* Release */,
			);
			defaultConfigurationIsVisible = 0;
			defaultConfigurationName = Release;
		};
/* End XCConfigurationList section */
	};
	rootObject = E064908428C53E3E00B19AD9 /* Project object */;
}
